<?xml version="1.0" encoding="utf-8"?>
<Project ToolsVersion="4.0" xmlns="http://schemas.microsoft.com/developer/msbuild/2003">
  <ItemGroup>
    <ClCompile Include="Camera.cpp" />
    <ClCompile Include="CubeMap.cpp" />
    <ClCompile Include="client.cpp" />
    <ClCompile Include="consoletools.cpp" />
    <ClCompile Include="CSound.cpp" />
    <ClCompile Include="CubeMesh.cpp" />
    <ClCompile Include="GameObject.cpp" />
    <ClCompile Include="inputlinebuffer.cpp" />
    <ClCompile Include="Mesh.cpp" />
    <ClCompile Include="MeshMgr.cpp" />
    <ClCompile Include="network.cpp" />
    <ClCompile Include="Scene.cpp" />
    <ClCompile Include="SceneMgr.cpp" />
    <ClCompile Include="main.cpp" />
    <ClCompile Include="server.cpp" />
    <ClCompile Include="ShaderLoader.cpp" />
    <ClCompile Include="socket.cpp" />
    <ClCompile Include="TextLabel.cpp" />
    <ClCompile Include="CNetworkMgr.cpp" />
  </ItemGroup>
  <ItemGroup>
    <ClInclude Include="Camera.h" />
    <ClInclude Include="CubeMap.h" />
    <ClInclude Include="client.h" />
    <ClInclude Include="consoletools.h" />
    <ClInclude Include="CSound.h" />
    <ClInclude Include="CubeMesh.h" />
    <ClInclude Include="GameObject.h" />
    <ClInclude Include="InputLineBuffer.h" />
    <ClInclude Include="Mesh.h" />
    <ClInclude Include="MeshMgr.h" />
    <ClInclude Include="network.h" />
    <ClInclude Include="networkentity.h" />
    <ClInclude Include="Scene.h" />
    <ClInclude Include="SceneMgr.h" />
    <ClInclude Include="server.h" />
    <ClInclude Include="ShaderLoader.h" />
    <ClInclude Include="socket.h" />
    <ClInclude Include="TextLabel.h" />
    <ClInclude Include="Utility.h" />
    <ClInclude Include="WorkQueue.h" />
    <ClInclude Include="CNetworkMgr.h" />
  </ItemGroup>
  <ItemGroup>
    <None Include="Shaders\CubeMap.fs" />
    <None Include="Shaders\CubeMap.vs" />
    <None Include="Shaders\DiffuseLight.fs" />
    <None Include="Shaders\DiffuseLight.vs" />
    <None Include="Shaders\Ex_10.fs" />
    <None Include="Shaders\Ex_10.vs" />
    <None Include="Text.fs" />
    <None Include="Text.vs" />
  </ItemGroup>
  <ItemGroup>
    <Text Include="Commenting Header.txt" />
  </ItemGroup>
</Project>