<?xml version="1.0" encoding="utf-8"?>
<Project ToolsVersion="4.0" xmlns="http://schemas.microsoft.com/developer/msbuild/2003">
  <ItemGroup>
    <Filter Include="Source Files">
      <UniqueIdentifier>{4FC737F1-C7A5-4376-A066-2A32D752A2FF}</UniqueIdentifier>
      <Extensions>cpp;c;cc;cxx;def;odl;idl;hpj;bat;asm;asmx</Extensions>
    </Filter>
    <Filter Include="Shader Files">
      <UniqueIdentifier>{67DA6AB6-F800-4c08-8B7A-83BB121AAD01}</UniqueIdentifier>
      <Extensions>rc;ico;cur;bmp;dlg;rc2;rct;bin;rgs;gif;jpg;jpeg;jpe;resx;tiff;tif;png;wav;mfcribbon-ms</Extensions>
    </Filter>
    <Filter Include="FrameWork">
      <UniqueIdentifier>{6b54b4d8-86f8-43b4-bcc8-46929590c91b}</UniqueIdentifier>
    </Filter>
    <Filter Include="Utility">
      <UniqueIdentifier>{bf7ca480-7d91-440d-9fc4-cd98084fc3a1}</UniqueIdentifier>
    </Filter>
    <Filter Include="FrameWork\SceneMgr">
      <UniqueIdentifier>{4d8049dc-d189-4b64-ba86-6286d93af238}</UniqueIdentifier>
    </Filter>
    <Filter Include="FrameWork\ShaderLoader">
      <UniqueIdentifier>{c508f753-0bc4-4843-9b18-7c2b323f35e6}</UniqueIdentifier>
    </Filter>
    <Filter Include="FrameWork\TextLabel">
      <UniqueIdentifier>{e57cb591-1264-416b-b940-a80920914cb3}</UniqueIdentifier>
    </Filter>
  </ItemGroup>
  <ItemGroup>
    <ClCompile Include="main.cpp">
      <Filter>Source Files</Filter>
    </ClCompile>
    <ClCompile Include="SceneMgr.cpp">
      <Filter>FrameWork\SceneMgr</Filter>
    </ClCompile>
    <ClCompile Include="ShaderLoader.cpp">
      <Filter>FrameWork\ShaderLoader</Filter>
    </ClCompile>
    <ClCompile Include="TextLabel.cpp">
      <Filter>FrameWork\TextLabel</Filter>
    </ClCompile>
  </ItemGroup>
  <ItemGroup>
    <Text Include="Commenting Header.txt">
      <Filter>Source Files</Filter>
    </Text>
  </ItemGroup>
  <ItemGroup>
    <ClInclude Include="Utility.h">
      <Filter>Utility</Filter>
    </ClInclude>
    <ClInclude Include="SceneMgr.h">
      <Filter>FrameWork\SceneMgr</Filter>
    </ClInclude>
    <ClInclude Include="ShaderLoader.h">
      <Filter>FrameWork\ShaderLoader</Filter>
    </ClInclude>
    <ClInclude Include="TextLabel.h">
      <Filter>FrameWork\TextLabel</Filter>
    </ClInclude>
  </ItemGroup>
  <ItemGroup>
    <None Include="Text.vs">
      <Filter>Shader Files</Filter>
    </None>
    <None Include="Text.fs">
      <Filter>Shader Files</Filter>
    </None>
  </ItemGroup>
</Project>